{
  "requires": true,
  "lockfileVersion": 1,
  "dependencies": {
    "types-registry": {
      "version": "0.1.643",
      "resolved": "https://registry.npmjs.org/types-registry/-/types-registry-0.1.643.tgz",
      "integrity": "sha512-3BXRlq6rU7GxmdrpDSHE27ECCoFz8nBXT38aEQkyTlYX90m0W0K038NwgYdbsVgslyQXZcytN/LRNzS5szMPdw=="
    }
  }
}
